// !$*UTF8*$!
{
	archiveVersion = 1;
	classes = {
	};
	objectVersion = 56;
	objects = {

/* Begin PBXBuildFile section */
		8B1AD4CA53E92E7D12734CF2 /* libPods-MoviesApp.a in Frameworks */ = {isa = PBXBuildFile; fileRef = 6FE043FC3B0700D883DE6BE8 /* libPods-MoviesApp.a */; };
		B661D1232929654E00102E89 /* HeaderView.xib in Resources */ = {isa = PBXBuildFile; fileRef = B661D1212929654E00102E89 /* HeaderView.xib */; };
		B661D1242929654E00102E89 /* HeaderView.swift in Sources */ = {isa = PBXBuildFile; fileRef = B661D1222929654E00102E89 /* HeaderView.swift */; };
		B6879B4529297EB900061D33 /* NotificationCentreManager.swift in Sources */ = {isa = PBXBuildFile; fileRef = B6879B4429297EB900061D33 /* NotificationCentreManager.swift */; };
		B6A3306A2927AEC9006E0AAE /* MoviesList.swift in Sources */ = {isa = PBXBuildFile; fileRef = B6A330692927AEC9006E0AAE /* MoviesList.swift */; };
		B6A3306D2927B12C006E0AAE /* MovieCredits.swift in Sources */ = {isa = PBXBuildFile; fileRef = B6A3306C2927B12C006E0AAE /* MovieCredits.swift */; };
		B6A3306F2927C55A006E0AAE /* MovieDetails.swift in Sources */ = {isa = PBXBuildFile; fileRef = B6A3306E2927C55A006E0AAE /* MovieDetails.swift */; };
		B6A330732927CB36006E0AAE /* Encodable+Extensions.swift in Sources */ = {isa = PBXBuildFile; fileRef = B6A330722927CB36006E0AAE /* Encodable+Extensions.swift */; };
		B6A3307F2927F9B8006E0AAE /* Networker+SearchMovies.swift in Sources */ = {isa = PBXBuildFile; fileRef = B6A330772927F97B006E0AAE /* Networker+SearchMovies.swift */; };
		B6A330802927F9B8006E0AAE /* Networker+SimilarMovies.swift in Sources */ = {isa = PBXBuildFile; fileRef = B6A3307B2927F97E006E0AAE /* Networker+SimilarMovies.swift */; };
		B6A330812927F9B8006E0AAE /* Networker+MovieDetails.swift in Sources */ = {isa = PBXBuildFile; fileRef = B6A3307D2927F980006E0AAE /* Networker+MovieDetails.swift */; };
		B6A330822927F9B8006E0AAE /* Networker+MovieCredits.swift in Sources */ = {isa = PBXBuildFile; fileRef = B6A330792927F97D006E0AAE /* Networker+MovieCredits.swift */; };
		B6A330832927F9B8006E0AAE /* Networker+PopularMovies.swift in Sources */ = {isa = PBXBuildFile; fileRef = B6A330752927F976006E0AAE /* Networker+PopularMovies.swift */; };
		B6A330852927F9C0006E0AAE /* Input.swift in Sources */ = {isa = PBXBuildFile; fileRef = B6A330842927F9C0006E0AAE /* Input.swift */; };
		B6A330892927FB8F006E0AAE /* MoviesListViewController.swift in Sources */ = {isa = PBXBuildFile; fileRef = B6A330872927FB8F006E0AAE /* MoviesListViewController.swift */; };
		B6A3308A2927FB8F006E0AAE /* MoviesListViewController.xib in Resources */ = {isa = PBXBuildFile; fileRef = B6A330882927FB8F006E0AAE /* MoviesListViewController.xib */; };
		B6A3308D2927FBA4006E0AAE /* MoviesListPresenter.swift in Sources */ = {isa = PBXBuildFile; fileRef = B6A3308C2927FBA4006E0AAE /* MoviesListPresenter.swift */; };
		B6A3308F2927FBAF006E0AAE /* MoviesListContracts.swift in Sources */ = {isa = PBXBuildFile; fileRef = B6A3308E2927FBAF006E0AAE /* MoviesListContracts.swift */; };
		B6A330912927FC7E006E0AAE /* MoviesListWorker.swift in Sources */ = {isa = PBXBuildFile; fileRef = B6A330902927FC7E006E0AAE /* MoviesListWorker.swift */; };
		B6A330932927FCBB006E0AAE /* MoviesListConfigurator.swift in Sources */ = {isa = PBXBuildFile; fileRef = B6A330922927FCBB006E0AAE /* MoviesListConfigurator.swift */; };
		B6A330952928D40F006E0AAE /* MoviesListRouter.swift in Sources */ = {isa = PBXBuildFile; fileRef = B6A330942928D40F006E0AAE /* MoviesListRouter.swift */; };
		B6A330992928E5F3006E0AAE /* MovieTableViewCell.swift in Sources */ = {isa = PBXBuildFile; fileRef = B6A330972928E5F3006E0AAE /* MovieTableViewCell.swift */; };
		B6A3309A2928E5F3006E0AAE /* MovieTableViewCell.xib in Resources */ = {isa = PBXBuildFile; fileRef = B6A330982928E5F3006E0AAE /* MovieTableViewCell.xib */; };
		B6A3309D2928EB7B006E0AAE /* UITableView+Extensions.swift in Sources */ = {isa = PBXBuildFile; fileRef = B6A3309C2928EB7B006E0AAE /* UITableView+Extensions.swift */; };
		B6A330A429290167006E0AAE /* UIImageView+Extension.swift in Sources */ = {isa = PBXBuildFile; fileRef = B6A330A329290167006E0AAE /* UIImageView+Extension.swift */; };
		B6A330A629290F86006E0AAE /* MoviesListModels.swift in Sources */ = {isa = PBXBuildFile; fileRef = B6A330A529290F86006E0AAE /* MoviesListModels.swift */; };
		B6A330B629294638006E0AAE /* MovieDetailsPresenter.swift in Sources */ = {isa = PBXBuildFile; fileRef = B6A330B52929457E006E0AAE /* MovieDetailsPresenter.swift */; };
		B6A330B729294638006E0AAE /* MovieDetailsWorker.swift in Sources */ = {isa = PBXBuildFile; fileRef = B6A330B02929457D006E0AAE /* MovieDetailsWorker.swift */; };
		B6A330B829294638006E0AAE /* MovieDetailsContracts.swift in Sources */ = {isa = PBXBuildFile; fileRef = B6A330B42929457D006E0AAE /* MovieDetailsContracts.swift */; };
		B6A330B929294638006E0AAE /* MovieDetailsConfigurator.swift in Sources */ = {isa = PBXBuildFile; fileRef = B6A330B32929457D006E0AAE /* MovieDetailsConfigurator.swift */; };
		B6A330BA29294638006E0AAE /* MovieDetailsModels.swift in Sources */ = {isa = PBXBuildFile; fileRef = B6A330B22929457D006E0AAE /* MovieDetailsModels.swift */; };
		B6A330BF29294663006E0AAE /* MovieDetailsViewController.swift in Sources */ = {isa = PBXBuildFile; fileRef = B6A330BD29294663006E0AAE /* MovieDetailsViewController.swift */; };
		B6A330C029294663006E0AAE /* MovieDetailsViewController.xib in Resources */ = {isa = PBXBuildFile; fileRef = B6A330BE29294663006E0AAE /* MovieDetailsViewController.xib */; };
		B6A330C329294903006E0AAE /* DataStore.swift in Sources */ = {isa = PBXBuildFile; fileRef = B6A330C229294903006E0AAE /* DataStore.swift */; };
		B6A330C529294E3C006E0AAE /* UserDefaultsStore.swift in Sources */ = {isa = PBXBuildFile; fileRef = B6A330C429294E3C006E0AAE /* UserDefaultsStore.swift */; };
		B6A330CA29294FAD006E0AAE /* MovieDetailsCell.swift in Sources */ = {isa = PBXBuildFile; fileRef = B6A330C829294FAD006E0AAE /* MovieDetailsCell.swift */; };
		B6A330CB29294FAD006E0AAE /* MovieDetailsCell.xib in Resources */ = {isa = PBXBuildFile; fileRef = B6A330C929294FAD006E0AAE /* MovieDetailsCell.xib */; };
		B6A330CF29295BF8006E0AAE /* SimilarMoviesCell.swift in Sources */ = {isa = PBXBuildFile; fileRef = B6A330CD29295BF8006E0AAE /* SimilarMoviesCell.swift */; };
		B6A330D029295BF8006E0AAE /* SimilarMoviesCell.xib in Resources */ = {isa = PBXBuildFile; fileRef = B6A330CE29295BF8006E0AAE /* SimilarMoviesCell.xib */; };
		B6A330D329295C39006E0AAE /* SimilarMovieView.swift in Sources */ = {isa = PBXBuildFile; fileRef = B6A330D229295C39006E0AAE /* SimilarMovieView.swift */; };
		B6A330A02928EBF5006E0AAE /* MoviesListHeader.swift in Sources */ = {isa = PBXBuildFile; fileRef = B6A3309F2928EBF5006E0AAE /* MoviesListHeader.swift */; };
		B6A330A22928ECC1006E0AAE /* MoviesListHeader.xib in Resources */ = {isa = PBXBuildFile; fileRef = B6A330A12928ECC1006E0AAE /* MoviesListHeader.xib */; };
		B6A330A429290167006E0AAE /* UIImageView+Extension.swift in Sources */ = {isa = PBXBuildFile; fileRef = B6A330A329290167006E0AAE /* UIImageView+Extension.swift */; };
		B6A330A629290F86006E0AAE /* MoviesListModels.swift in Sources */ = {isa = PBXBuildFile; fileRef = B6A330A529290F86006E0AAE /* MoviesListModels.swift */; };
		B6A4CA56292745810012BFCD /* AppDelegate.swift in Sources */ = {isa = PBXBuildFile; fileRef = B6A4CA55292745810012BFCD /* AppDelegate.swift */; };
		B6A4CA5F292745830012BFCD /* Assets.xcassets in Resources */ = {isa = PBXBuildFile; fileRef = B6A4CA5E292745830012BFCD /* Assets.xcassets */; };
		B6A4CA62292745830012BFCD /* LaunchScreen.storyboard in Resources */ = {isa = PBXBuildFile; fileRef = B6A4CA60292745830012BFCD /* LaunchScreen.storyboard */; };
		B6A4CA6E29274C160012BFCD /* AppWindowManager.swift in Sources */ = {isa = PBXBuildFile; fileRef = B6A4CA6D29274C160012BFCD /* AppWindowManager.swift */; };
		B6A4CA7829275B800012BFCD /* NetworkingConstants.swift in Sources */ = {isa = PBXBuildFile; fileRef = B6A4CA7729275B800012BFCD /* NetworkingConstants.swift */; };
		B6A4CA7A29275C870012BFCD /* URLBuilder.swift in Sources */ = {isa = PBXBuildFile; fileRef = B6A4CA7929275C870012BFCD /* URLBuilder.swift */; };
		B6A4CA7C292760A90012BFCD /* Networker.swift in Sources */ = {isa = PBXBuildFile; fileRef = B6A4CA7B292760A90012BFCD /* Networker.swift */; };
		B6A4CA7E29277B0F0012BFCD /* NetworkError.swift in Sources */ = {isa = PBXBuildFile; fileRef = B6A4CA7D29277B0F0012BFCD /* NetworkError.swift */; };
		B6A4CA8029277F390012BFCD /* JsonDecoder.swift in Sources */ = {isa = PBXBuildFile; fileRef = B6A4CA7F29277F390012BFCD /* JsonDecoder.swift */; };
/* End PBXBuildFile section */

/* Begin PBXFileReference section */
		20869E7963D2A3D10ED27BE4 /* Pods-MoviesApp.release.xcconfig */ = {isa = PBXFileReference; includeInIndex = 1; lastKnownFileType = text.xcconfig; name = "Pods-MoviesApp.release.xcconfig"; path = "Target Support Files/Pods-MoviesApp/Pods-MoviesApp.release.xcconfig"; sourceTree = "<group>"; };
		21C8E068DB6F301C55B91632 /* Pods-MoviesApp.debug.xcconfig */ = {isa = PBXFileReference; includeInIndex = 1; lastKnownFileType = text.xcconfig; name = "Pods-MoviesApp.debug.xcconfig"; path = "Target Support Files/Pods-MoviesApp/Pods-MoviesApp.debug.xcconfig"; sourceTree = "<group>"; };
		6FE043FC3B0700D883DE6BE8 /* libPods-MoviesApp.a */ = {isa = PBXFileReference; explicitFileType = archive.ar; includeInIndex = 0; path = "libPods-MoviesApp.a"; sourceTree = BUILT_PRODUCTS_DIR; };
		B661D1212929654E00102E89 /* HeaderView.xib */ = {isa = PBXFileReference; fileEncoding = 4; lastKnownFileType = file.xib; path = HeaderView.xib; sourceTree = "<group>"; };
		B661D1222929654E00102E89 /* HeaderView.swift */ = {isa = PBXFileReference; fileEncoding = 4; lastKnownFileType = sourcecode.swift; path = HeaderView.swift; sourceTree = "<group>"; };
		B6879B4429297EB900061D33 /* NotificationCentreManager.swift */ = {isa = PBXFileReference; lastKnownFileType = sourcecode.swift; path = NotificationCentreManager.swift; sourceTree = "<group>"; };
		B6A330692927AEC9006E0AAE /* MoviesList.swift */ = {isa = PBXFileReference; lastKnownFileType = sourcecode.swift; path = MoviesList.swift; sourceTree = "<group>"; };
		B6A3306C2927B12C006E0AAE /* MovieCredits.swift */ = {isa = PBXFileReference; lastKnownFileType = sourcecode.swift; path = MovieCredits.swift; sourceTree = "<group>"; };
		B6A3306E2927C55A006E0AAE /* MovieDetails.swift */ = {isa = PBXFileReference; lastKnownFileType = sourcecode.swift; path = MovieDetails.swift; sourceTree = "<group>"; };
		B6A330722927CB36006E0AAE /* Encodable+Extensions.swift */ = {isa = PBXFileReference; lastKnownFileType = sourcecode.swift; path = "Encodable+Extensions.swift"; sourceTree = "<group>"; };
		B6A330752927F976006E0AAE /* Networker+PopularMovies.swift */ = {isa = PBXFileReference; lastKnownFileType = sourcecode.swift; path = "Networker+PopularMovies.swift"; sourceTree = "<group>"; };
		B6A330772927F97B006E0AAE /* Networker+SearchMovies.swift */ = {isa = PBXFileReference; lastKnownFileType = sourcecode.swift; path = "Networker+SearchMovies.swift"; sourceTree = "<group>"; };
		B6A330792927F97D006E0AAE /* Networker+MovieCredits.swift */ = {isa = PBXFileReference; lastKnownFileType = sourcecode.swift; path = "Networker+MovieCredits.swift"; sourceTree = "<group>"; };
		B6A3307B2927F97E006E0AAE /* Networker+SimilarMovies.swift */ = {isa = PBXFileReference; lastKnownFileType = sourcecode.swift; path = "Networker+SimilarMovies.swift"; sourceTree = "<group>"; };
		B6A3307D2927F980006E0AAE /* Networker+MovieDetails.swift */ = {isa = PBXFileReference; lastKnownFileType = sourcecode.swift; path = "Networker+MovieDetails.swift"; sourceTree = "<group>"; };
		B6A330842927F9C0006E0AAE /* Input.swift */ = {isa = PBXFileReference; lastKnownFileType = sourcecode.swift; path = Input.swift; sourceTree = "<group>"; };
		B6A330872927FB8F006E0AAE /* MoviesListViewController.swift */ = {isa = PBXFileReference; lastKnownFileType = sourcecode.swift; path = MoviesListViewController.swift; sourceTree = "<group>"; };
		B6A330882927FB8F006E0AAE /* MoviesListViewController.xib */ = {isa = PBXFileReference; lastKnownFileType = file.xib; path = MoviesListViewController.xib; sourceTree = "<group>"; };
		B6A3308C2927FBA4006E0AAE /* MoviesListPresenter.swift */ = {isa = PBXFileReference; lastKnownFileType = sourcecode.swift; path = MoviesListPresenter.swift; sourceTree = "<group>"; };
		B6A3308E2927FBAF006E0AAE /* MoviesListContracts.swift */ = {isa = PBXFileReference; lastKnownFileType = sourcecode.swift; path = MoviesListContracts.swift; sourceTree = "<group>"; };
		B6A330902927FC7E006E0AAE /* MoviesListWorker.swift */ = {isa = PBXFileReference; lastKnownFileType = sourcecode.swift; path = MoviesListWorker.swift; sourceTree = "<group>"; };
		B6A330922927FCBB006E0AAE /* MoviesListConfigurator.swift */ = {isa = PBXFileReference; lastKnownFileType = sourcecode.swift; path = MoviesListConfigurator.swift; sourceTree = "<group>"; };
		B6A330942928D40F006E0AAE /* MoviesListRouter.swift */ = {isa = PBXFileReference; lastKnownFileType = sourcecode.swift; path = MoviesListRouter.swift; sourceTree = "<group>"; };
		B6A330972928E5F3006E0AAE /* MovieTableViewCell.swift */ = {isa = PBXFileReference; lastKnownFileType = sourcecode.swift; path = MovieTableViewCell.swift; sourceTree = "<group>"; };
		B6A330982928E5F3006E0AAE /* MovieTableViewCell.xib */ = {isa = PBXFileReference; lastKnownFileType = file.xib; path = MovieTableViewCell.xib; sourceTree = "<group>"; };
		B6A3309C2928EB7B006E0AAE /* UITableView+Extensions.swift */ = {isa = PBXFileReference; lastKnownFileType = sourcecode.swift; path = "UITableView+Extensions.swift"; sourceTree = "<group>"; };
		B6A330A329290167006E0AAE /* UIImageView+Extension.swift */ = {isa = PBXFileReference; lastKnownFileType = sourcecode.swift; path = "UIImageView+Extension.swift"; sourceTree = "<group>"; };
		B6A330A529290F86006E0AAE /* MoviesListModels.swift */ = {isa = PBXFileReference; lastKnownFileType = sourcecode.swift; path = MoviesListModels.swift; sourceTree = "<group>"; };
		B6A330B02929457D006E0AAE /* MovieDetailsWorker.swift */ = {isa = PBXFileReference; lastKnownFileType = sourcecode.swift; path = MovieDetailsWorker.swift; sourceTree = "<group>"; };
		B6A330B22929457D006E0AAE /* MovieDetailsModels.swift */ = {isa = PBXFileReference; lastKnownFileType = sourcecode.swift; path = MovieDetailsModels.swift; sourceTree = "<group>"; };
		B6A330B32929457D006E0AAE /* MovieDetailsConfigurator.swift */ = {isa = PBXFileReference; lastKnownFileType = sourcecode.swift; path = MovieDetailsConfigurator.swift; sourceTree = "<group>"; };
		B6A330B42929457D006E0AAE /* MovieDetailsContracts.swift */ = {isa = PBXFileReference; lastKnownFileType = sourcecode.swift; path = MovieDetailsContracts.swift; sourceTree = "<group>"; };
		B6A330B52929457E006E0AAE /* MovieDetailsPresenter.swift */ = {isa = PBXFileReference; lastKnownFileType = sourcecode.swift; path = MovieDetailsPresenter.swift; sourceTree = "<group>"; };
		B6A330BD29294663006E0AAE /* MovieDetailsViewController.swift */ = {isa = PBXFileReference; lastKnownFileType = sourcecode.swift; path = MovieDetailsViewController.swift; sourceTree = "<group>"; };
		B6A330BE29294663006E0AAE /* MovieDetailsViewController.xib */ = {isa = PBXFileReference; lastKnownFileType = file.xib; path = MovieDetailsViewController.xib; sourceTree = "<group>"; };
		B6A330C229294903006E0AAE /* DataStore.swift */ = {isa = PBXFileReference; lastKnownFileType = sourcecode.swift; path = DataStore.swift; sourceTree = "<group>"; };
		B6A330C429294E3C006E0AAE /* UserDefaultsStore.swift */ = {isa = PBXFileReference; lastKnownFileType = sourcecode.swift; path = UserDefaultsStore.swift; sourceTree = "<group>"; };
		B6A330C829294FAD006E0AAE /* MovieDetailsCell.swift */ = {isa = PBXFileReference; lastKnownFileType = sourcecode.swift; path = MovieDetailsCell.swift; sourceTree = "<group>"; };
		B6A330C929294FAD006E0AAE /* MovieDetailsCell.xib */ = {isa = PBXFileReference; lastKnownFileType = file.xib; path = MovieDetailsCell.xib; sourceTree = "<group>"; };
		B6A330CD29295BF8006E0AAE /* SimilarMoviesCell.swift */ = {isa = PBXFileReference; lastKnownFileType = sourcecode.swift; path = SimilarMoviesCell.swift; sourceTree = "<group>"; };
		B6A330CE29295BF8006E0AAE /* SimilarMoviesCell.xib */ = {isa = PBXFileReference; lastKnownFileType = file.xib; path = SimilarMoviesCell.xib; sourceTree = "<group>"; };
		B6A330D229295C39006E0AAE /* SimilarMovieView.swift */ = {isa = PBXFileReference; lastKnownFileType = sourcecode.swift; path = SimilarMovieView.swift; sourceTree = "<group>"; };
		B6A3309F2928EBF5006E0AAE /* MoviesListHeader.swift */ = {isa = PBXFileReference; lastKnownFileType = sourcecode.swift; path = MoviesListHeader.swift; sourceTree = "<group>"; };
		B6A330A12928ECC1006E0AAE /* MoviesListHeader.xib */ = {isa = PBXFileReference; lastKnownFileType = file.xib; path = MoviesListHeader.xib; sourceTree = "<group>"; };
		B6A330A329290167006E0AAE /* UIImageView+Extension.swift */ = {isa = PBXFileReference; lastKnownFileType = sourcecode.swift; path = "UIImageView+Extension.swift"; sourceTree = "<group>"; };
		B6A330A529290F86006E0AAE /* MoviesListModels.swift */ = {isa = PBXFileReference; lastKnownFileType = sourcecode.swift; path = MoviesListModels.swift; sourceTree = "<group>"; };
		B6A4CA52292745810012BFCD /* MoviesApp.app */ = {isa = PBXFileReference; explicitFileType = wrapper.application; includeInIndex = 0; path = MoviesApp.app; sourceTree = BUILT_PRODUCTS_DIR; };
		B6A4CA55292745810012BFCD /* AppDelegate.swift */ = {isa = PBXFileReference; lastKnownFileType = sourcecode.swift; path = AppDelegate.swift; sourceTree = "<group>"; };
		B6A4CA5E292745830012BFCD /* Assets.xcassets */ = {isa = PBXFileReference; lastKnownFileType = folder.assetcatalog; path = Assets.xcassets; sourceTree = "<group>"; };
		B6A4CA61292745830012BFCD /* Base */ = {isa = PBXFileReference; lastKnownFileType = file.storyboard; name = Base; path = Base.lproj/LaunchScreen.storyboard; sourceTree = "<group>"; };
		B6A4CA63292745830012BFCD /* Info.plist */ = {isa = PBXFileReference; lastKnownFileType = text.plist.xml; path = Info.plist; sourceTree = "<group>"; };
		B6A4CA6D29274C160012BFCD /* AppWindowManager.swift */ = {isa = PBXFileReference; lastKnownFileType = sourcecode.swift; path = AppWindowManager.swift; sourceTree = "<group>"; };
		B6A4CA7729275B800012BFCD /* NetworkingConstants.swift */ = {isa = PBXFileReference; lastKnownFileType = sourcecode.swift; path = NetworkingConstants.swift; sourceTree = "<group>"; };
		B6A4CA7929275C870012BFCD /* URLBuilder.swift */ = {isa = PBXFileReference; lastKnownFileType = sourcecode.swift; path = URLBuilder.swift; sourceTree = "<group>"; };
		B6A4CA7B292760A90012BFCD /* Networker.swift */ = {isa = PBXFileReference; lastKnownFileType = sourcecode.swift; path = Networker.swift; sourceTree = "<group>"; };
		B6A4CA7D29277B0F0012BFCD /* NetworkError.swift */ = {isa = PBXFileReference; lastKnownFileType = sourcecode.swift; path = NetworkError.swift; sourceTree = "<group>"; };
		B6A4CA7F29277F390012BFCD /* JsonDecoder.swift */ = {isa = PBXFileReference; lastKnownFileType = sourcecode.swift; path = JsonDecoder.swift; sourceTree = "<group>"; };
/* End PBXFileReference section */

/* Begin PBXFrameworksBuildPhase section */
		B6A4CA4F292745810012BFCD /* Frameworks */ = {
			isa = PBXFrameworksBuildPhase;
			buildActionMask = 2147483647;
			files = (
				8B1AD4CA53E92E7D12734CF2 /* libPods-MoviesApp.a in Frameworks */,
			);
			runOnlyForDeploymentPostprocessing = 0;
		};
/* End PBXFrameworksBuildPhase section */

/* Begin PBXGroup section */
		5DEC05148F6F1A8D74290009 /* Pods */ = {
			isa = PBXGroup;
			children = (
				21C8E068DB6F301C55B91632 /* Pods-MoviesApp.debug.xcconfig */,
				20869E7963D2A3D10ED27BE4 /* Pods-MoviesApp.release.xcconfig */,
			);
			path = Pods;
			sourceTree = "<group>";
		};
		8645F03DC7D31AE5CBDB9EF5 /* Frameworks */ = {
			isa = PBXGroup;
			children = (
				6FE043FC3B0700D883DE6BE8 /* libPods-MoviesApp.a */,
			);
			name = Frameworks;
			sourceTree = "<group>";
		};
		B661D1202929654E00102E89 /* Header */ = {
			isa = PBXGroup;
			children = (
				B661D1212929654E00102E89 /* HeaderView.xib */,
				B661D1222929654E00102E89 /* HeaderView.swift */,
			);
			path = Header;
			sourceTree = "<group>";
		};
		B6A330742927F957006E0AAE /* Routers */ = {
			isa = PBXGroup;
			children = (
				B6A330752927F976006E0AAE /* Networker+PopularMovies.swift */,
				B6A330772927F97B006E0AAE /* Networker+SearchMovies.swift */,
				B6A3307D2927F980006E0AAE /* Networker+MovieDetails.swift */,
				B6A3307B2927F97E006E0AAE /* Networker+SimilarMovies.swift */,
				B6A330792927F97D006E0AAE /* Networker+MovieCredits.swift */,
			);
			path = Routers;
			sourceTree = "<group>";
		};
		B6A330862927FB7D006E0AAE /* Mvoies List */ = {
			isa = PBXGroup;
			children = (
				B6A3308B2927FB95006E0AAE /* View */,
				B6A3308C2927FBA4006E0AAE /* MoviesListPresenter.swift */,
				B6A3308E2927FBAF006E0AAE /* MoviesListContracts.swift */,
				B6A330902927FC7E006E0AAE /* MoviesListWorker.swift */,
				B6A330922927FCBB006E0AAE /* MoviesListConfigurator.swift */,
				B6A330942928D40F006E0AAE /* MoviesListRouter.swift */,
				B6A330A529290F86006E0AAE /* MoviesListModels.swift */,
			);
			path = "Mvoies List";
			sourceTree = "<group>";
		};
		B6A3308B2927FB95006E0AAE /* View */ = {
			isa = PBXGroup;
			children = (
				B6A3309E2928EBD9006E0AAE /* Header */,
				B6A330962928E5DF006E0AAE /* Cell */,
				B6A330872927FB8F006E0AAE /* MoviesListViewController.swift */,
				B6A330882927FB8F006E0AAE /* MoviesListViewController.xib */,
			);
			path = View;
			sourceTree = "<group>";
		};
		B6A330962928E5DF006E0AAE /* Cell */ = {
			isa = PBXGroup;
			children = (
				B6A330972928E5F3006E0AAE /* MovieTableViewCell.swift */,
				B6A330982928E5F3006E0AAE /* MovieTableViewCell.xib */,
			);
			path = Cell;
			sourceTree = "<group>";
		};
		B6A3309B2928EB66006E0AAE /* Utils + Extensions */ = {
			isa = PBXGroup;
			children = (
				B6A3309C2928EB7B006E0AAE /* UITableView+Extensions.swift */,
				B6A330A329290167006E0AAE /* UIImageView+Extension.swift */,
			);
			path = "Utils + Extensions";
			sourceTree = "<group>";
		};
		B6A330AF2929456C006E0AAE /* Movie Details */ = {
			isa = PBXGroup;
			children = (
				B6A330BC29294654006E0AAE /* View */,
				B6A330B52929457E006E0AAE /* MovieDetailsPresenter.swift */,
				B6A330B42929457D006E0AAE /* MovieDetailsContracts.swift */,
				B6A330B02929457D006E0AAE /* MovieDetailsWorker.swift */,
				B6A330B32929457D006E0AAE /* MovieDetailsConfigurator.swift */,
				B6A330B22929457D006E0AAE /* MovieDetailsModels.swift */,
			);
			path = "Movie Details";
			sourceTree = "<group>";
		};
		B6A330BC29294654006E0AAE /* View */ = {
			isa = PBXGroup;
			children = (
				B6A330C629294F92006E0AAE /* Cells */,
				B6A330BD29294663006E0AAE /* MovieDetailsViewController.swift */,
				B6A330BE29294663006E0AAE /* MovieDetailsViewController.xib */,
			);
			path = View;
			sourceTree = "<group>";
		};
		B6A330C1292948F7006E0AAE /* Store */ = {
			isa = PBXGroup;
			children = (
				B6A330C229294903006E0AAE /* DataStore.swift */,
				B6A330C429294E3C006E0AAE /* UserDefaultsStore.swift */,
			);
			path = Store;
			sourceTree = "<group>";
		};
		B6A330C629294F92006E0AAE /* Cells */ = {
			isa = PBXGroup;
			children = (
				B6A330CC29295BE5006E0AAE /* Similar Movies Cell */,
				B6A330C729294F95006E0AAE /* Details Cell */,
			);
			path = Cells;
			sourceTree = "<group>";
		};
		B6A330C729294F95006E0AAE /* Details Cell */ = {
			isa = PBXGroup;
			children = (
				B6A330C829294FAD006E0AAE /* MovieDetailsCell.swift */,
				B6A330C929294FAD006E0AAE /* MovieDetailsCell.xib */,
			);
			path = "Details Cell";
			sourceTree = "<group>";
		};
		B6A330CC29295BE5006E0AAE /* Similar Movies Cell */ = {
			isa = PBXGroup;
			children = (
				B6A330D129295C0D006E0AAE /* Similar Movie View */,
				B6A330CD29295BF8006E0AAE /* SimilarMoviesCell.swift */,
				B6A330CE29295BF8006E0AAE /* SimilarMoviesCell.xib */,
			);
			path = "Similar Movies Cell";
			sourceTree = "<group>";
		};
		B6A330D129295C0D006E0AAE /* Similar Movie View */ = {
			isa = PBXGroup;
			children = (
				B6A330D229295C39006E0AAE /* SimilarMovieView.swift */,
			);
			path = "Similar Movie View";
			sourceTree = "<group>";
		};
		B6A330D4292964D1006E0AAE /* CommonViews */ = {
			isa = PBXGroup;
			children = (
				B661D1202929654E00102E89 /* Header */,
			);
			path = CommonViews;
			sourceTree = "<group>";
		};
		B6A3309E2928EBD9006E0AAE /* Header */ = {
			isa = PBXGroup;
			children = (
				B6A3309F2928EBF5006E0AAE /* MoviesListHeader.swift */,
				B6A330A12928ECC1006E0AAE /* MoviesListHeader.xib */,
			);
			path = Header;
			sourceTree = "<group>";
		};
		B6A4CA49292745810012BFCD = {
			isa = PBXGroup;
			children = (
				B6A4CA54292745810012BFCD /* MoviesApp */,
				B6A4CA53292745810012BFCD /* Products */,
				5DEC05148F6F1A8D74290009 /* Pods */,
				8645F03DC7D31AE5CBDB9EF5 /* Frameworks */,
			);
			sourceTree = "<group>";
		};
		B6A4CA53292745810012BFCD /* Products */ = {
			isa = PBXGroup;
			children = (
				B6A4CA52292745810012BFCD /* MoviesApp.app */,
			);
			name = Products;
			sourceTree = "<group>";
		};
		B6A4CA54292745810012BFCD /* MoviesApp */ = {
			isa = PBXGroup;
			children = (
				B6A4CA63292745830012BFCD /* Info.plist */,
				B6A4CA6F2927525C0012BFCD /* Main */,
				B6A4CA71292752950012BFCD /* Managers */,
				B6A4CA70292752640012BFCD /* Resources */,
				B6A4CA73292752DC0012BFCD /* Scenes */,
				B6A4CA74292752E40012BFCD /* Networking */,
				B6A4CA75292752EF0012BFCD /* Domain */,
			);
			path = MoviesApp;
			sourceTree = "<group>";
		};
		B6A4CA6F2927525C0012BFCD /* Main */ = {
			isa = PBXGroup;
			children = (
				B6A4CA55292745810012BFCD /* AppDelegate.swift */,
			);
			path = Main;
			sourceTree = "<group>";
		};
		B6A4CA70292752640012BFCD /* Resources */ = {
			isa = PBXGroup;
			children = (
				B6A4CA60292745830012BFCD /* LaunchScreen.storyboard */,
				B6A4CA5E292745830012BFCD /* Assets.xcassets */,
			);
			path = Resources;
			sourceTree = "<group>";
		};
		B6A4CA71292752950012BFCD /* Managers */ = {
			isa = PBXGroup;
			children = (
				B6A330C1292948F7006E0AAE /* Store */,
				B6A4CA6D29274C160012BFCD /* AppWindowManager.swift */,
				B6879B4429297EB900061D33 /* NotificationCentreManager.swift */,
				B6A4CA6D29274C160012BFCD /* AppWindowManager.swift */,
			);
			path = Managers;
			sourceTree = "<group>";
		};
		B6A4CA73292752DC0012BFCD /* Scenes */ = {
			isa = PBXGroup;
			children = (
				B6A330D4292964D1006E0AAE /* CommonViews */,
				B6A330AF2929456C006E0AAE /* Movie Details */,
				B6A3309B2928EB66006E0AAE /* Utils + Extensions */,
				B6A330862927FB7D006E0AAE /* Mvoies List */,
			);
			path = Scenes;
			sourceTree = "<group>";
		};
		B6A4CA74292752E40012BFCD /* Networking */ = {
			isa = PBXGroup;
			children = (
				B6A330742927F957006E0AAE /* Routers */,
				B6A4CA7629275B760012BFCD /* Base */,
			);
			path = Networking;
			sourceTree = "<group>";
		};
		B6A4CA75292752EF0012BFCD /* Domain */ = {
			isa = PBXGroup;
			children = (
				B6A330842927F9C0006E0AAE /* Input.swift */,
				B6A330692927AEC9006E0AAE /* MoviesList.swift */,
				B6A3306E2927C55A006E0AAE /* MovieDetails.swift */,
				B6A3306C2927B12C006E0AAE /* MovieCredits.swift */,
			);
			path = Domain;
			sourceTree = "<group>";
		};
		B6A4CA7629275B760012BFCD /* Base */ = {
			isa = PBXGroup;
			children = (
				B6A4CA7729275B800012BFCD /* NetworkingConstants.swift */,
				B6A4CA7929275C870012BFCD /* URLBuilder.swift */,
				B6A4CA7B292760A90012BFCD /* Networker.swift */,
				B6A4CA7D29277B0F0012BFCD /* NetworkError.swift */,
				B6A4CA7F29277F390012BFCD /* JsonDecoder.swift */,
				B6A330722927CB36006E0AAE /* Encodable+Extensions.swift */,
			);
			path = Base;
			sourceTree = "<group>";
		};
/* End PBXGroup section */

/* Begin PBXNativeTarget section */
		B6A4CA51292745810012BFCD /* MoviesApp */ = {
			isa = PBXNativeTarget;
			buildConfigurationList = B6A4CA66292745830012BFCD /* Build configuration list for PBXNativeTarget "MoviesApp" */;
			buildPhases = (
				8C227DEC0F2792EE75105D82 /* [CP] Check Pods Manifest.lock */,
				B6A4CA4E292745810012BFCD /* Sources */,
				B6A4CA4F292745810012BFCD /* Frameworks */,
				B6A4CA50292745810012BFCD /* Resources */,
			);
			buildRules = (
			);
			dependencies = (
			);
			name = MoviesApp;
			productName = MoviesApp;
			productReference = B6A4CA52292745810012BFCD /* MoviesApp.app */;
			productType = "com.apple.product-type.application";
		};
/* End PBXNativeTarget section */

/* Begin PBXProject section */
		B6A4CA4A292745810012BFCD /* Project object */ = {
			isa = PBXProject;
			attributes = {
				BuildIndependentTargetsInParallel = 1;
				LastSwiftUpdateCheck = 1410;
				LastUpgradeCheck = 1410;
				TargetAttributes = {
					B6A4CA51292745810012BFCD = {
						CreatedOnToolsVersion = 14.1;
					};
				};
			};
			buildConfigurationList = B6A4CA4D292745810012BFCD /* Build configuration list for PBXProject "MoviesApp" */;
			compatibilityVersion = "Xcode 14.0";
			developmentRegion = en;
			hasScannedForEncodings = 0;
			knownRegions = (
				en,
				Base,
			);
			mainGroup = B6A4CA49292745810012BFCD;
			productRefGroup = B6A4CA53292745810012BFCD /* Products */;
			projectDirPath = "";
			projectRoot = "";
			targets = (
				B6A4CA51292745810012BFCD /* MoviesApp */,
			);
		};
/* End PBXProject section */

/* Begin PBXResourcesBuildPhase section */
		B6A4CA50292745810012BFCD /* Resources */ = {
			isa = PBXResourcesBuildPhase;
			buildActionMask = 2147483647;
			files = (
				B6A4CA62292745830012BFCD /* LaunchScreen.storyboard in Resources */,
				B6A3309A2928E5F3006E0AAE /* MovieTableViewCell.xib in Resources */,
				B6A330D029295BF8006E0AAE /* SimilarMoviesCell.xib in Resources */,
				B6A330CB29294FAD006E0AAE /* MovieDetailsCell.xib in Resources */,
				B6A4CA5F292745830012BFCD /* Assets.xcassets in Resources */,
				B661D1232929654E00102E89 /* HeaderView.xib in Resources */,
				B6A330C029294663006E0AAE /* MovieDetailsViewController.xib in Resources */,
				B6A330A22928ECC1006E0AAE /* MoviesListHeader.xib in Resources */,
				B6A4CA5F292745830012BFCD /* Assets.xcassets in Resources */,
				B6A3308A2927FB8F006E0AAE /* MoviesListViewController.xib in Resources */,
			);
			runOnlyForDeploymentPostprocessing = 0;
		};
/* End PBXResourcesBuildPhase section */

/* Begin PBXShellScriptBuildPhase section */
		8C227DEC0F2792EE75105D82 /* [CP] Check Pods Manifest.lock */ = {
			isa = PBXShellScriptBuildPhase;
			buildActionMask = 2147483647;
			files = (
			);
			inputFileListPaths = (
			);
			inputPaths = (
				"${PODS_PODFILE_DIR_PATH}/Podfile.lock",
				"${PODS_ROOT}/Manifest.lock",
			);
			name = "[CP] Check Pods Manifest.lock";
			outputFileListPaths = (
			);
			outputPaths = (
				"$(DERIVED_FILE_DIR)/Pods-MoviesApp-checkManifestLockResult.txt",
			);
			runOnlyForDeploymentPostprocessing = 0;
			shellPath = /bin/sh;
			shellScript = "diff \"${PODS_PODFILE_DIR_PATH}/Podfile.lock\" \"${PODS_ROOT}/Manifest.lock\" > /dev/null\nif [ $? != 0 ] ; then\n    # print error to STDERR\n    echo \"error: The sandbox is not in sync with the Podfile.lock. Run 'pod install' or update your CocoaPods installation.\" >&2\n    exit 1\nfi\n# This output is used by Xcode 'outputs' to avoid re-running this script phase.\necho \"SUCCESS\" > \"${SCRIPT_OUTPUT_FILE_0}\"\n";
			showEnvVarsInLog = 0;
		};
/* End PBXShellScriptBuildPhase section */

/* Begin PBXSourcesBuildPhase section */
		B6A4CA4E292745810012BFCD /* Sources */ = {
			isa = PBXSourcesBuildPhase;
			buildActionMask = 2147483647;
			files = (
				B6A3308F2927FBAF006E0AAE /* MoviesListContracts.swift in Sources */,
				B6A330B629294638006E0AAE /* MovieDetailsPresenter.swift in Sources */,
				B6A4CA8029277F390012BFCD /* JsonDecoder.swift in Sources */,
				B6A4CA7C292760A90012BFCD /* Networker.swift in Sources */,
				B6A4CA56292745810012BFCD /* AppDelegate.swift in Sources */,
				B6A330BA29294638006E0AAE /* MovieDetailsModels.swift in Sources */,
				B6A330812927F9B8006E0AAE /* Networker+MovieDetails.swift in Sources */,
				B6A3306F2927C55A006E0AAE /* MovieDetails.swift in Sources */,
				B6A330D329295C39006E0AAE /* SimilarMovieView.swift in Sources */,
				B6A330952928D40F006E0AAE /* MoviesListRouter.swift in Sources */,
				B6A3307F2927F9B8006E0AAE /* Networker+SearchMovies.swift in Sources */,
				B6A330BF29294663006E0AAE /* MovieDetailsViewController.swift in Sources */,
				B6A330822927F9B8006E0AAE /* Networker+MovieCredits.swift in Sources */,
				B6A330992928E5F3006E0AAE /* MovieTableViewCell.swift in Sources */,
				B6A4CA7A29275C870012BFCD /* URLBuilder.swift in Sources */,
				B6A4CA7E29277B0F0012BFCD /* NetworkError.swift in Sources */,
				B6A330A629290F86006E0AAE /* MoviesListModels.swift in Sources */,
				B6A330A429290167006E0AAE /* UIImageView+Extension.swift in Sources */,
				B6A3308D2927FBA4006E0AAE /* MoviesListPresenter.swift in Sources */,
				B6A330732927CB36006E0AAE /* Encodable+Extensions.swift in Sources */,
				B6A330832927F9B8006E0AAE /* Networker+PopularMovies.swift in Sources */,
				B6A330CA29294FAD006E0AAE /* MovieDetailsCell.swift in Sources */,
				B6879B4529297EB900061D33 /* NotificationCentreManager.swift in Sources */,
				B6A330CF29295BF8006E0AAE /* SimilarMoviesCell.swift in Sources */,
				B6A330912927FC7E006E0AAE /* MoviesListWorker.swift in Sources */,
				B661D1242929654E00102E89 /* HeaderView.swift in Sources */,
				B6A330892927FB8F006E0AAE /* MoviesListViewController.swift in Sources */,
				B6A3306D2927B12C006E0AAE /* MovieCredits.swift in Sources */,
				B6A330B729294638006E0AAE /* MovieDetailsWorker.swift in Sources */,
				B6A4CA6E29274C160012BFCD /* AppWindowManager.swift in Sources */,
				B6A330C529294E3C006E0AAE /* UserDefaultsStore.swift in Sources */,
				B6A330932927FCBB006E0AAE /* MoviesListConfigurator.swift in Sources */,
				B6A330B929294638006E0AAE /* MovieDetailsConfigurator.swift in Sources */,
				B6A330C329294903006E0AAE /* DataStore.swift in Sources */,
				B6A3309D2928EB7B006E0AAE /* UITableView+Extensions.swift in Sources */,
				B6A330802927F9B8006E0AAE /* Networker+SimilarMovies.swift in Sources */,
				B6A330B829294638006E0AAE /* MovieDetailsContracts.swift in Sources */,
				B6A330852927F9C0006E0AAE /* Input.swift in Sources */,
				B6A3306A2927AEC9006E0AAE /* MoviesList.swift in Sources */,
				B6A4CA7829275B800012BFCD /* NetworkingConstants.swift in Sources */,
				B6A4CA8029277F390012BFCD /* JsonDecoder.swift in Sources */,
				B6A4CA7C292760A90012BFCD /* Networker.swift in Sources */,
				B6A4CA56292745810012BFCD /* AppDelegate.swift in Sources */,
				B6A330812927F9B8006E0AAE /* Networker+MovieDetails.swift in Sources */,
				B6A3306F2927C55A006E0AAE /* MovieDetails.swift in Sources */,
				B6A330952928D40F006E0AAE /* MoviesListRouter.swift in Sources */,
				B6A3307F2927F9B8006E0AAE /* Networker+SearchMovies.swift in Sources */,
				B6A330822927F9B8006E0AAE /* Networker+MovieCredits.swift in Sources */,
				B6A330992928E5F3006E0AAE /* MovieTableViewCell.swift in Sources */,
				B6A4CA7A29275C870012BFCD /* URLBuilder.swift in Sources */,
				B6A4CA7E29277B0F0012BFCD /* NetworkError.swift in Sources */,
				B6A330A629290F86006E0AAE /* MoviesListModels.swift in Sources */,
				B6A330A429290167006E0AAE /* UIImageView+Extension.swift in Sources */,
				B6A3308D2927FBA4006E0AAE /* MoviesListPresenter.swift in Sources */,
				B6A330732927CB36006E0AAE /* Encodable+Extensions.swift in Sources */,
				B6A330832927F9B8006E0AAE /* Networker+PopularMovies.swift in Sources */,
				B6A330CA29294FAD006E0AAE /* MovieDetailsCell.swift in Sources */,
				B6879B4529297EB900061D33 /* NotificationCentreManager.swift in Sources */,
				B6A330CF29295BF8006E0AAE /* SimilarMoviesCell.swift in Sources */,
				B6A330912927FC7E006E0AAE /* MoviesListWorker.swift in Sources */,
				B661D1242929654E00102E89 /* HeaderView.swift in Sources */,
				B6A330892927FB8F006E0AAE /* MoviesListViewController.swift in Sources */,
				B6A3306D2927B12C006E0AAE /* MovieCredits.swift in Sources */,
				B6A330B729294638006E0AAE /* MovieDetailsWorker.swift in Sources */,
				B6A4CA6E29274C160012BFCD /* AppWindowManager.swift in Sources */,
				B6A330C529294E3C006E0AAE /* UserDefaultsStore.swift in Sources */,
				B6A330932927FCBB006E0AAE /* MoviesListConfigurator.swift in Sources */,
				B6A330B929294638006E0AAE /* MovieDetailsConfigurator.swift in Sources */,
				B6A330C329294903006E0AAE /* DataStore.swift in Sources */,
				B6A3309D2928EB7B006E0AAE /* UITableView+Extensions.swift in Sources */,
				B6A330802927F9B8006E0AAE /* Networker+SimilarMovies.swift in Sources */,
				B6A330B829294638006E0AAE /* MovieDetailsContracts.swift in Sources */,
				B6A330852927F9C0006E0AAE /* Input.swift in Sources */,
				B6A3306A2927AEC9006E0AAE /* MoviesList.swift in Sources */,
				B6A4CA7829275B800012BFCD /* NetworkingConstants.swift in Sources */,
				B6A330A02928EBF5006E0AAE /* MoviesListHeader.swift in Sources */,
				B6A330732927CB36006E0AAE /* Encodable+Extensions.swift in Sources */,
				B6A330832927F9B8006E0AAE /* Networker+PopularMovies.swift in Sources */,
				B6A330912927FC7E006E0AAE /* MoviesListWorker.swift in Sources */,
				B6A330892927FB8F006E0AAE /* MoviesListViewController.swift in Sources */,
				B6A3306D2927B12C006E0AAE /* MovieCredits.swift in Sources */,
				B6A4CA6E29274C160012BFCD /* AppWindowManager.swift in Sources */,
				B6A330932927FCBB006E0AAE /* MoviesListConfigurator.swift in Sources */,
				B6A3309D2928EB7B006E0AAE /* UITableView+Extensions.swift in Sources */,
				B6A3307F2927F9B8006E0AAE /* Networker+SearchMovies.swift in Sources */,
				B6A330822927F9B8006E0AAE /* Networker+MovieCredits.swift in Sources */,
				B6A4CA7A29275C870012BFCD /* URLBuilder.swift in Sources */,
				B6A4CA7E29277B0F0012BFCD /* NetworkError.swift in Sources */,
				B6A330732927CB36006E0AAE /* Encodable+Extensions.swift in Sources */,
				B6A330832927F9B8006E0AAE /* Networker+PopularMovies.swift in Sources */,
				B6A3306D2927B12C006E0AAE /* MovieCredits.swift in Sources */,
				B6A4CA6E29274C160012BFCD /* AppWindowManager.swift in Sources */,
				B6A330802927F9B8006E0AAE /* Networker+SimilarMovies.swift in Sources */,
				B6A330852927F9C0006E0AAE /* Input.swift in Sources */,
				B6A3306A2927AEC9006E0AAE /* MoviesList.swift in Sources */,
				B6A4CA7829275B800012BFCD /* NetworkingConstants.swift in Sources */,
				B6A4CA56292745810012BFCD /* AppDelegate.swift in Sources */,
				B6A4CA6E29274C160012BFCD /* AppWindowManager.swift in Sources */,
			);
			runOnlyForDeploymentPostprocessing = 0;
		};
/* End PBXSourcesBuildPhase section */

/* Begin PBXVariantGroup section */
		B6A4CA60292745830012BFCD /* LaunchScreen.storyboard */ = {
			isa = PBXVariantGroup;
			children = (
				B6A4CA61292745830012BFCD /* Base */,
			);
			name = LaunchScreen.storyboard;
			sourceTree = "<group>";
		};
/* End PBXVariantGroup section */

/* Begin XCBuildConfiguration section */
		B6A4CA64292745830012BFCD /* Debug */ = {
			isa = XCBuildConfiguration;
			buildSettings = {
				ALWAYS_SEARCH_USER_PATHS = NO;
				CLANG_ANALYZER_NONNULL = YES;
				CLANG_ANALYZER_NUMBER_OBJECT_CONVERSION = YES_AGGRESSIVE;
				CLANG_CXX_LANGUAGE_STANDARD = "gnu++20";
				CLANG_ENABLE_MODULES = YES;
				CLANG_ENABLE_OBJC_ARC = YES;
				CLANG_ENABLE_OBJC_WEAK = YES;
				CLANG_WARN_BLOCK_CAPTURE_AUTORELEASING = YES;
				CLANG_WARN_BOOL_CONVERSION = YES;
				CLANG_WARN_COMMA = YES;
				CLANG_WARN_CONSTANT_CONVERSION = YES;
				CLANG_WARN_DEPRECATED_OBJC_IMPLEMENTATIONS = YES;
				CLANG_WARN_DIRECT_OBJC_ISA_USAGE = YES_ERROR;
				CLANG_WARN_DOCUMENTATION_COMMENTS = YES;
				CLANG_WARN_EMPTY_BODY = YES;
				CLANG_WARN_ENUM_CONVERSION = YES;
				CLANG_WARN_INFINITE_RECURSION = YES;
				CLANG_WARN_INT_CONVERSION = YES;
				CLANG_WARN_NON_LITERAL_NULL_CONVERSION = YES;
				CLANG_WARN_OBJC_IMPLICIT_RETAIN_SELF = YES;
				CLANG_WARN_OBJC_LITERAL_CONVERSION = YES;
				CLANG_WARN_OBJC_ROOT_CLASS = YES_ERROR;
				CLANG_WARN_QUOTED_INCLUDE_IN_FRAMEWORK_HEADER = YES;
				CLANG_WARN_RANGE_LOOP_ANALYSIS = YES;
				CLANG_WARN_STRICT_PROTOTYPES = YES;
				CLANG_WARN_SUSPICIOUS_MOVE = YES;
				CLANG_WARN_UNGUARDED_AVAILABILITY = YES_AGGRESSIVE;
				CLANG_WARN_UNREACHABLE_CODE = YES;
				CLANG_WARN__DUPLICATE_METHOD_MATCH = YES;
				COPY_PHASE_STRIP = NO;
				DEBUG_INFORMATION_FORMAT = dwarf;
				ENABLE_STRICT_OBJC_MSGSEND = YES;
				ENABLE_TESTABILITY = YES;
				GCC_C_LANGUAGE_STANDARD = gnu11;
				GCC_DYNAMIC_NO_PIC = NO;
				GCC_NO_COMMON_BLOCKS = YES;
				GCC_OPTIMIZATION_LEVEL = 0;
				GCC_PREPROCESSOR_DEFINITIONS = (
					"DEBUG=1",
					"$(inherited)",
				);
				GCC_WARN_64_TO_32_BIT_CONVERSION = YES;
				GCC_WARN_ABOUT_RETURN_TYPE = YES_ERROR;
				GCC_WARN_UNDECLARED_SELECTOR = YES;
				GCC_WARN_UNINITIALIZED_AUTOS = YES_AGGRESSIVE;
				GCC_WARN_UNUSED_FUNCTION = YES;
				GCC_WARN_UNUSED_VARIABLE = YES;
				IPHONEOS_DEPLOYMENT_TARGET = 12.0;
				MTL_ENABLE_DEBUG_INFO = INCLUDE_SOURCE;
				MTL_FAST_MATH = YES;
				ONLY_ACTIVE_ARCH = YES;
				SDKROOT = iphoneos;
				SWIFT_ACTIVE_COMPILATION_CONDITIONS = DEBUG;
				SWIFT_OPTIMIZATION_LEVEL = "-Onone";
			};
			name = Debug;
		};
		B6A4CA65292745830012BFCD /* Release */ = {
			isa = XCBuildConfiguration;
			buildSettings = {
				ALWAYS_SEARCH_USER_PATHS = NO;
				CLANG_ANALYZER_NONNULL = YES;
				CLANG_ANALYZER_NUMBER_OBJECT_CONVERSION = YES_AGGRESSIVE;
				CLANG_CXX_LANGUAGE_STANDARD = "gnu++20";
				CLANG_ENABLE_MODULES = YES;
				CLANG_ENABLE_OBJC_ARC = YES;
				CLANG_ENABLE_OBJC_WEAK = YES;
				CLANG_WARN_BLOCK_CAPTURE_AUTORELEASING = YES;
				CLANG_WARN_BOOL_CONVERSION = YES;
				CLANG_WARN_COMMA = YES;
				CLANG_WARN_CONSTANT_CONVERSION = YES;
				CLANG_WARN_DEPRECATED_OBJC_IMPLEMENTATIONS = YES;
				CLANG_WARN_DIRECT_OBJC_ISA_USAGE = YES_ERROR;
				CLANG_WARN_DOCUMENTATION_COMMENTS = YES;
				CLANG_WARN_EMPTY_BODY = YES;
				CLANG_WARN_ENUM_CONVERSION = YES;
				CLANG_WARN_INFINITE_RECURSION = YES;
				CLANG_WARN_INT_CONVERSION = YES;
				CLANG_WARN_NON_LITERAL_NULL_CONVERSION = YES;
				CLANG_WARN_OBJC_IMPLICIT_RETAIN_SELF = YES;
				CLANG_WARN_OBJC_LITERAL_CONVERSION = YES;
				CLANG_WARN_OBJC_ROOT_CLASS = YES_ERROR;
				CLANG_WARN_QUOTED_INCLUDE_IN_FRAMEWORK_HEADER = YES;
				CLANG_WARN_RANGE_LOOP_ANALYSIS = YES;
				CLANG_WARN_STRICT_PROTOTYPES = YES;
				CLANG_WARN_SUSPICIOUS_MOVE = YES;
				CLANG_WARN_UNGUARDED_AVAILABILITY = YES_AGGRESSIVE;
				CLANG_WARN_UNREACHABLE_CODE = YES;
				CLANG_WARN__DUPLICATE_METHOD_MATCH = YES;
				COPY_PHASE_STRIP = NO;
				DEBUG_INFORMATION_FORMAT = "dwarf-with-dsym";
				ENABLE_NS_ASSERTIONS = NO;
				ENABLE_STRICT_OBJC_MSGSEND = YES;
				GCC_C_LANGUAGE_STANDARD = gnu11;
				GCC_NO_COMMON_BLOCKS = YES;
				GCC_WARN_64_TO_32_BIT_CONVERSION = YES;
				GCC_WARN_ABOUT_RETURN_TYPE = YES_ERROR;
				GCC_WARN_UNDECLARED_SELECTOR = YES;
				GCC_WARN_UNINITIALIZED_AUTOS = YES_AGGRESSIVE;
				GCC_WARN_UNUSED_FUNCTION = YES;
				GCC_WARN_UNUSED_VARIABLE = YES;
				IPHONEOS_DEPLOYMENT_TARGET = 12.0;
				MTL_ENABLE_DEBUG_INFO = NO;
				MTL_FAST_MATH = YES;
				SDKROOT = iphoneos;
				SWIFT_COMPILATION_MODE = wholemodule;
				SWIFT_OPTIMIZATION_LEVEL = "-O";
				VALIDATE_PRODUCT = YES;
			};
			name = Release;
		};
		B6A4CA67292745830012BFCD /* Debug */ = {
			isa = XCBuildConfiguration;
			baseConfigurationReference = 21C8E068DB6F301C55B91632 /* Pods-MoviesApp.debug.xcconfig */;
			buildSettings = {
				ASSETCATALOG_COMPILER_APPICON_NAME = AppIcon;
				ASSETCATALOG_COMPILER_GLOBAL_ACCENT_COLOR_NAME = AccentColor;
				CODE_SIGN_STYLE = Automatic;
				CURRENT_PROJECT_VERSION = 1;
				DEVELOPMENT_TEAM = 6SDAY59Y6N;
				GENERATE_INFOPLIST_FILE = YES;
				INFOPLIST_FILE = MoviesApp/Info.plist;
				INFOPLIST_KEY_UIApplicationSupportsIndirectInputEvents = YES;
				INFOPLIST_KEY_UILaunchStoryboardName = LaunchScreen.storyboard;
				INFOPLIST_KEY_UISupportedInterfaceOrientations_iPad = "UIInterfaceOrientationPortrait UIInterfaceOrientationPortraitUpsideDown UIInterfaceOrientationLandscapeLeft UIInterfaceOrientationLandscapeRight";
				INFOPLIST_KEY_UISupportedInterfaceOrientations_iPhone = "UIInterfaceOrientationPortrait UIInterfaceOrientationLandscapeLeft UIInterfaceOrientationLandscapeRight";
				IPHONEOS_DEPLOYMENT_TARGET = 12;
				LD_RUNPATH_SEARCH_PATHS = (
					"$(inherited)",
					"@executable_path/Frameworks",
				);
				MARKETING_VERSION = 1.0;
				PRODUCT_BUNDLE_IDENTIFIER = omar.labib.MoviesApp;
				PRODUCT_NAME = "$(TARGET_NAME)";
				SWIFT_EMIT_LOC_STRINGS = YES;
				SWIFT_VERSION = 5.0;
				TARGETED_DEVICE_FAMILY = "1,2";
			};
			name = Debug;
		};
		B6A4CA68292745830012BFCD /* Release */ = {
			isa = XCBuildConfiguration;
			baseConfigurationReference = 20869E7963D2A3D10ED27BE4 /* Pods-MoviesApp.release.xcconfig */;
			buildSettings = {
				ASSETCATALOG_COMPILER_APPICON_NAME = AppIcon;
				ASSETCATALOG_COMPILER_GLOBAL_ACCENT_COLOR_NAME = AccentColor;
				CODE_SIGN_STYLE = Automatic;
				CURRENT_PROJECT_VERSION = 1;
				DEVELOPMENT_TEAM = 6SDAY59Y6N;
				GENERATE_INFOPLIST_FILE = YES;
				INFOPLIST_FILE = MoviesApp/Info.plist;
				INFOPLIST_KEY_UIApplicationSupportsIndirectInputEvents = YES;
				INFOPLIST_KEY_UILaunchStoryboardName = LaunchScreen.storyboard;
				INFOPLIST_KEY_UISupportedInterfaceOrientations_iPad = "UIInterfaceOrientationPortrait UIInterfaceOrientationPortraitUpsideDown UIInterfaceOrientationLandscapeLeft UIInterfaceOrientationLandscapeRight";
				INFOPLIST_KEY_UISupportedInterfaceOrientations_iPhone = "UIInterfaceOrientationPortrait UIInterfaceOrientationLandscapeLeft UIInterfaceOrientationLandscapeRight";
				IPHONEOS_DEPLOYMENT_TARGET = 12;
				LD_RUNPATH_SEARCH_PATHS = (
					"$(inherited)",
					"@executable_path/Frameworks",
				);
				MARKETING_VERSION = 1.0;
				PRODUCT_BUNDLE_IDENTIFIER = omar.labib.MoviesApp;
				PRODUCT_NAME = "$(TARGET_NAME)";
				SWIFT_EMIT_LOC_STRINGS = YES;
				SWIFT_VERSION = 5.0;
				TARGETED_DEVICE_FAMILY = "1,2";
			};
			name = Release;
		};
/* End XCBuildConfiguration section */

/* Begin XCConfigurationList section */
		B6A4CA4D292745810012BFCD /* Build configuration list for PBXProject "MoviesApp" */ = {
			isa = XCConfigurationList;
			buildConfigurations = (
				B6A4CA64292745830012BFCD /* Debug */,
				B6A4CA65292745830012BFCD /* Release */,
			);
			defaultConfigurationIsVisible = 0;
			defaultConfigurationName = Release;
		};
		B6A4CA66292745830012BFCD /* Build configuration list for PBXNativeTarget "MoviesApp" */ = {
			isa = XCConfigurationList;
			buildConfigurations = (
				B6A4CA67292745830012BFCD /* Debug */,
				B6A4CA68292745830012BFCD /* Release */,
			);
			defaultConfigurationIsVisible = 0;
			defaultConfigurationName = Release;
		};
/* End XCConfigurationList section */
	};
	rootObject = B6A4CA4A292745810012BFCD /* Project object */;
}
